// !$*UTF8*$!
{
	archiveVersion = 1;
	classes = {
	};
	objectVersion = 46;
	objects = {

/* Begin PBXBuildFile section */
		B8A095BF1559888B00EDABDF /* main.c in Sources */ = {isa = PBXBuildFile; fileRef = B8A095BE1559888B00EDABDF /* main.c */; };
		B8A095C11559888B00EDABDF /* _.1 in CopyFiles */ = {isa = PBXBuildFile; fileRef = B8A095C01559888B00EDABDF /* _.1 */; };
/* End PBXBuildFile section */

/* Begin PBXCopyFilesBuildPhase section */
		B8A095B81559888B00EDABDF /* CopyFiles */ = {
			isa = PBXCopyFilesBuildPhase;
			buildActionMask = 2147483647;
			dstPath = /usr/share/man/man1/;
			dstSubfolderSpec = 0;
			files = (
				B8A095C11559888B00EDABDF /* _.1 in CopyFiles */,
			);
			runOnlyForDeploymentPostprocessing = 1;
		};
/* End PBXCopyFilesBuildPhase section */

/* Begin PBXFileReference section */
		B8A095BA1559888B00EDABDF /* 4 */ = {isa = PBXFileReference; explicitFileType = "compiled.mach-o.executable"; includeInIndex = 0; path = 4; sourceTree = BUILT_PRODUCTS_DIR; };
		B8A095BE1559888B00EDABDF /* main.c */ = {isa = PBXFileReference; lastKnownFileType = sourcecode.c.c; path = main.c; sourceTree = "<group>"; };
		B8A095C01559888B00EDABDF /* _.1 */ = {isa = PBXFileReference; lastKnownFileType = text.man; path = _.1; sourceTree = "<group>"; };
/* End PBXFileReference section */

/* Begin PBXFrameworksBuildPhase section */
		B8A095B71559888B00EDABDF /* Frameworks */ = {
			isa = PBXFrameworksBuildPhase;
			buildActionMask = 2147483647;
			files = (
			);
			runOnlyForDeploymentPostprocessing = 0;
		};
/* End PBXFrameworksBuildPhase section */

/* Begin PBXGroup section */
		B8A095AF1559888B00EDABDF = {
			isa = PBXGroup;
			children = (
				B8A095BD1559888B00EDABDF /* 4 */,
				B8A095BB1559888B00EDABDF /* Products */,
			);
			sourceTree = "<group>";
		};
		B8A095BB1559888B00EDABDF /* Products */ = {
			isa = PBXGroup;
			children = (
				B8A095BA1559888B00EDABDF /* 4 */,
			);
			name = Products;
			sourceTree = "<group>";
		};
		B8A095BD1559888B00EDABDF /* 4 */ = {
			isa = PBXGroup;
			children = (
				B8A095BE1559888B00EDABDF /* main.c */,
				B8A095C01559888B00EDABDF /* _.1 */,
			);
			path = 4;
			sourceTree = "<group>";
		};
/* End PBXGroup section */

/* Begin PBXNativeTarget section */
		B8A095B91559888B00EDABDF /* 4 */ = {
			isa = PBXNativeTarget;
			buildConfigurationList = B8A095C41559888B00EDABDF /* Build configuration list for PBXNativeTarget "4" */;
			buildPhases = (
				B8A095B61559888B00EDABDF /* Sources */,
				B8A095B71559888B00EDABDF /* Frameworks */,
				B8A095B81559888B00EDABDF /* CopyFiles */,
			);
			buildRules = (
			);
			dependencies = (
			);
			name = 4;
			productName = 4;
			productReference = B8A095BA1559888B00EDABDF /* 4 */;
			productType = "com.apple.product-type.tool";
		};
/* End PBXNativeTarget section */

/* Begin PBXProject section */
		B8A095B11559888B00EDABDF /* Project object */ = {
			isa = PBXProject;
			attributes = {
				LastUpgradeCheck = 0430;
			};
			buildConfigurationList = B8A095B41559888B00EDABDF /* Build configuration list for PBXProject "4" */;
			compatibilityVersion = "Xcode 3.2";
			developmentRegion = English;
			hasScannedForEncodings = 0;
			knownRegions = (
				en,
			);
			mainGroup = B8A095AF1559888B00EDABDF;
			productRefGroup = B8A095BB1559888B00EDABDF /* Products */;
			projectDirPath = "";
			projectRoot = "";
			targets = (
				B8A095B91559888B00EDABDF /* 4 */,
			);
		};
/* End PBXProject section */

/* Begin PBXSourcesBuildPhase section */
		B8A095B61559888B00EDABDF /* Sources */ = {
			isa = PBXSourcesBuildPhase;
			buildActionMask = 2147483647;
			files = (
				B8A095BF1559888B00EDABDF /* main.c in Sources */,
			);
			runOnlyForDeploymentPostprocessing = 0;
		};
/* End PBXSourcesBuildPhase section */

/* Begin XCBuildConfiguration section */
		B8A095C21559888B00EDABDF /* Debug */ = {
			isa = XCBuildConfiguration;
			buildSettings = {
				ALWAYS_SEARCH_USER_PATHS = NO;
				ARCHS = "$(ARCHS_STANDARD_64_BIT)";
				COPY_PHASE_STRIP = NO;
				GCC_C_LANGUAGE_STANDARD = gnu99;
				GCC_DYNAMIC_NO_PIC = NO;
				GCC_ENABLE_OBJC_EXCEPTIONS = YES;
				GCC_OPTIMIZATION_LEVEL = 0;
				GCC_PREPROCESSOR_DEFINITIONS = (
					"DEBUG=1",
					"$(inherited)",
				);
				GCC_SYMBOLS_PRIVATE_EXTERN = NO;
				GCC_VERSION = com.apple.compilers.llvm.clang.1_0;
				GCC_WARN_64_TO_32_BIT_CONVERSION = YES;
				GCC_WARN_ABOUT_RETURN_TYPE = YES;
				GCC_WARN_UNINITIALIZED_AUTOS = YES;
				GCC_WARN_UNUSED_VARIABLE = YES;
				MACOSX_DEPLOYMENT_TARGET = 10.7;
				ONLY_ACTIVE_ARCH = YES;
				SDKROOT = macosx;
			};
			name = Debug;
		};
		B8A095C31559888B00EDABDF /* Release */ = {
			isa = XCBuildConfiguration;
			buildSettings = {
				ALWAYS_SEARCH_USER_PATHS = NO;
				ARCHS = "$(ARCHS_STANDARD_64_BIT)";
				COPY_PHASE_STRIP = YES;
				DEBUG_INFORMATION_FORMAT = "dwarf-with-dsym";
				GCC_C_LANGUAGE_STANDARD = gnu99;
				GCC_ENABLE_OBJC_EXCEPTIONS = YES;
				GCC_VERSION = com.apple.compilers.llvm.clang.1_0;
				GCC_WARN_64_TO_32_BIT_CONVERSION = YES;
				GCC_WARN_ABOUT_RETURN_TYPE = YES;
				GCC_WARN_UNINITIALIZED_AUTOS = YES;
				GCC_WARN_UNUSED_VARIABLE = YES;
				MACOSX_DEPLOYMENT_TARGET = 10.7;
				SDKROOT = macosx;
			};
			name = Release;
		};
		B8A095C51559888B00EDABDF /* Debug */ = {
			isa = XCBuildConfiguration;
			buildSettings = {
				PRODUCT_NAME = "$(TARGET_NAME)";
			};
			name = Debug;
		};
		B8A095C61559888B00EDABDF /* Release */ = {
			isa = XCBuildConfiguration;
			buildSettings = {
				PRODUCT_NAME = "$(TARGET_NAME)";
			};
			name = Release;
		};
/* End XCBuildConfiguration section */

/* Begin XCConfigurationList section */
		B8A095B41559888B00EDABDF /* Build configuration list for PBXProject "4" */ = {
			isa = XCConfigurationList;
			buildConfigurations = (
				B8A095C21559888B00EDABDF /* Debug */,
				B8A095C31559888B00EDABDF /* Release */,
			);
			defaultConfigurationIsVisible = 0;
			defaultConfigurationName = Release;
		};
		B8A095C41559888B00EDABDF /* Build configuration list for PBXNativeTarget "4" */ = {
			isa = XCConfigurationList;
			buildConfigurations = (
				B8A095C51559888B00EDABDF /* Debug */,
				B8A095C61559888B00EDABDF /* Release */,
			);
			defaultConfigurationIsVisible = 0;
		};
/* End XCConfigurationList section */
	};
	rootObject = B8A095B11559888B00EDABDF /* Project object */;
}
